
Microsoft Visual Studio Solution File, Format Version 12.00
Project("{FAE04EC0-301F-11D3-BF4B-00C04F79EFBC}") = "HeatWood", "HeatWood\HeatWood.csproj", "{CA6F359B-76D9-48F8-9B1B-E4C04FEC3E8E}"
EndProject
Project("{FAE04EC0-301F-11D3-BF4B-00C04F79EFBC}") = "HeatWood_Tests", "HeatWood_Tests\HeatWood_Tests.csproj", "{0C21A192-E095-4251-9350-AB38C5103C1F}"
EndProject
Global
	GlobalSection(SolutionConfigurationPlatforms) = preSolution
		Debug|Any CPU = Debug|Any CPU
		Release|Any CPU = Release|Any CPU
	EndGlobalSection
	GlobalSection(ProjectConfigurationPlatforms) = postSolution
		{CA6F359B-76D9-48F8-9B1B-E4C04FEC3E8E}.Debug|Any CPU.ActiveCfg = Debug|Any CPU
		{CA6F359B-76D9-48F8-9B1B-E4C04FEC3E8E}.Debug|Any CPU.Build.0 = Debug|Any CPU
		{CA6F359B-76D9-48F8-9B1B-E4C04FEC3E8E}.Release|Any CPU.ActiveCfg = Release|Any CPU
		{CA6F359B-76D9-48F8-9B1B-E4C04FEC3E8E}.Release|Any CPU.Build.0 = Release|Any CPU
		{0C21A192-E095-4251-9350-AB38C5103C1F}.Debug|Any CPU.ActiveCfg = Debug|Any CPU
		{0C21A192-E095-4251-9350-AB38C5103C1F}.Debug|Any CPU.Build.0 = Debug|Any CPU
		{0C21A192-E095-4251-9350-AB38C5103C1F}.Release|Any CPU.ActiveCfg = Release|Any CPU
		{0C21A192-E095-4251-9350-AB38C5103C1F}.Release|Any CPU.Build.0 = Release|Any CPU
	EndGlobalSection
EndGlobal
